
Microsoft Visual Studio Solution File, Format Version 12.00
# Visual Studio Version 17
VisualStudioVersion = 17.11.35222.181
MinimumVisualStudioVersion = 10.0.40219.1
Project("{FAE04EC0-301F-11D3-BF4B-00C04F79EFBC}") = "UmbracoOnatrix", "UmbracoOnatrix\UmbracoOnatrix.csproj", "{579A5218-2D05-4B5B-9A7C-52707C24CC31}"
EndProject
Global
	GlobalSection(SolutionConfigurationPlatforms) = preSolution
		Debug|Any CPU = Debug|Any CPU
		Release|Any CPU = Release|Any CPU
	EndGlobalSection
	GlobalSection(ProjectConfigurationPlatforms) = postSolution
		{579A5218-2D05-4B5B-9A7C-52707C24CC31}.Debug|Any CPU.ActiveCfg = Debug|Any CPU
		{579A5218-2D05-4B5B-9A7C-52707C24CC31}.Debug|Any CPU.Build.0 = Debug|Any CPU
		{579A5218-2D05-4B5B-9A7C-52707C24CC31}.Release|Any CPU.ActiveCfg = Release|Any CPU
		{579A5218-2D05-4B5B-9A7C-52707C24CC31}.Release|Any CPU.Build.0 = Release|Any CPU
	EndGlobalSection
	GlobalSection(SolutionProperties) = preSolution
		HideSolutionNode = FALSE
	EndGlobalSection
	GlobalSection(ExtensibilityGlobals) = postSolution
		SolutionGuid = {3ADB7B6E-DA0F-4A19-8FF5-DD0692E4C7A0}
	EndGlobalSection
EndGlobal
